
Microsoft Visual Studio Solution File, Format Version 12.00
Project("{FAE04EC0-301F-11D3-BF4B-00C04F79EFBC}") = "back", "back.csproj", "{6472AE45-5C5C-46CC-BD68-207C2D008FA3}"
EndProject
Global
	GlobalSection(SolutionConfigurationPlatforms) = preSolution
		Debug|Any CPU = Debug|Any CPU
		Release|Any CPU = Release|Any CPU
	EndGlobalSection
	GlobalSection(ProjectConfigurationPlatforms) = postSolution
		{6472AE45-5C5C-46CC-BD68-207C2D008FA3}.Debug|Any CPU.ActiveCfg = Debug|Any CPU
		{6472AE45-5C5C-46CC-BD68-207C2D008FA3}.Debug|Any CPU.Build.0 = Debug|Any CPU
		{6472AE45-5C5C-46CC-BD68-207C2D008FA3}.Release|Any CPU.ActiveCfg = Release|Any CPU
		{6472AE45-5C5C-46CC-BD68-207C2D008FA3}.Release|Any CPU.Build.0 = Release|Any CPU
	EndGlobalSection
EndGlobal
